
Microsoft Visual Studio Solution File, Format Version 12.00
# Visual Studio Version 16
VisualStudioVersion = 16.0.30621.155
MinimumVisualStudioVersion = 10.0.40219.1
Project("{FAE04EC0-301F-11D3-BF4B-00C04F79EFBC}") = "ConsoleApp4", "ConsoleApp4.csproj", "{86BAB294-61CB-4BFC-8F62-B6CE75854629}"
EndProject
Global
	GlobalSection(SolutionConfigurationPlatforms) = preSolution
		Debug|Any CPU = Debug|Any CPU
		Release|Any CPU = Release|Any CPU
	EndGlobalSection
	GlobalSection(ProjectConfigurationPlatforms) = postSolution
		{86BAB294-61CB-4BFC-8F62-B6CE75854629}.Debug|Any CPU.ActiveCfg = Debug|Any CPU
		{86BAB294-61CB-4BFC-8F62-B6CE75854629}.Debug|Any CPU.Build.0 = Debug|Any CPU
		{86BAB294-61CB-4BFC-8F62-B6CE75854629}.Release|Any CPU.ActiveCfg = Release|Any CPU
		{86BAB294-61CB-4BFC-8F62-B6CE75854629}.Release|Any CPU.Build.0 = Release|Any CPU
	EndGlobalSection
	GlobalSection(SolutionProperties) = preSolution
		HideSolutionNode = FALSE
	EndGlobalSection
	GlobalSection(ExtensibilityGlobals) = postSolution
		SolutionGuid = {2B328167-CC65-4306-896C-D35F12655E67}
	EndGlobalSection
EndGlobal
