
Microsoft Visual Studio Solution File, Format Version 12.00
# Visual Studio Version 16
VisualStudioVersion = 16.0.30621.155
MinimumVisualStudioVersion = 10.0.40219.1
Project("{FAE04EC0-301F-11D3-BF4B-00C04F79EFBC}") = "ConsoleApp1", "ConsoleApp1.csproj", "{FD6620E8-2DAA-4B92-9A8D-AA79AD90C5E0}"
EndProject
Global
	GlobalSection(SolutionConfigurationPlatforms) = preSolution
		Debug|Any CPU = Debug|Any CPU
		Release|Any CPU = Release|Any CPU
	EndGlobalSection
	GlobalSection(ProjectConfigurationPlatforms) = postSolution
		{FD6620E8-2DAA-4B92-9A8D-AA79AD90C5E0}.Debug|Any CPU.ActiveCfg = Debug|Any CPU
		{FD6620E8-2DAA-4B92-9A8D-AA79AD90C5E0}.Debug|Any CPU.Build.0 = Debug|Any CPU
		{FD6620E8-2DAA-4B92-9A8D-AA79AD90C5E0}.Release|Any CPU.ActiveCfg = Release|Any CPU
		{FD6620E8-2DAA-4B92-9A8D-AA79AD90C5E0}.Release|Any CPU.Build.0 = Release|Any CPU
	EndGlobalSection
	GlobalSection(SolutionProperties) = preSolution
		HideSolutionNode = FALSE
	EndGlobalSection
	GlobalSection(ExtensibilityGlobals) = postSolution
		SolutionGuid = {AA54D06F-31EF-49DC-98A5-225A6AE1C60D}
	EndGlobalSection
EndGlobal
